
Microsoft Visual Studio Solution File, Format Version 12.00
# Visual Studio Version 16
VisualStudioVersion = 16.0.29509.3
MinimumVisualStudioVersion = 10.0.40219.1
Project("{9A19103F-16F7-4668-BE54-9A1E7A4F7556}") = "BlazorBootstrap", "BlazorBootstrap\BlazorBootstrap.csproj", "{2BE36AFD-E72D-4473-8A03-64DBE76E2104}"
EndProject
Project("{9A19103F-16F7-4668-BE54-9A1E7A4F7556}") = "BlazorBootstrapTest", "BlazorBootstrapTest\BlazorBootstrapTest.csproj", "{A6D99791-8CF3-4205-98D1-74D74231802A}"
EndProject
Global
	GlobalSection(SolutionConfigurationPlatforms) = preSolution
		Debug|Any CPU = Debug|Any CPU
		Release|Any CPU = Release|Any CPU
	EndGlobalSection
	GlobalSection(ProjectConfigurationPlatforms) = postSolution
		{2BE36AFD-E72D-4473-8A03-64DBE76E2104}.Debug|Any CPU.ActiveCfg = Debug|Any CPU
		{2BE36AFD-E72D-4473-8A03-64DBE76E2104}.Debug|Any CPU.Build.0 = Debug|Any CPU
		{2BE36AFD-E72D-4473-8A03-64DBE76E2104}.Release|Any CPU.ActiveCfg = Release|Any CPU
		{2BE36AFD-E72D-4473-8A03-64DBE76E2104}.Release|Any CPU.Build.0 = Release|Any CPU
		{A6D99791-8CF3-4205-98D1-74D74231802A}.Debug|Any CPU.ActiveCfg = Debug|Any CPU
		{A6D99791-8CF3-4205-98D1-74D74231802A}.Debug|Any CPU.Build.0 = Debug|Any CPU
		{A6D99791-8CF3-4205-98D1-74D74231802A}.Release|Any CPU.ActiveCfg = Release|Any CPU
		{A6D99791-8CF3-4205-98D1-74D74231802A}.Release|Any CPU.Build.0 = Release|Any CPU
	EndGlobalSection
	GlobalSection(SolutionProperties) = preSolution
		HideSolutionNode = FALSE
	EndGlobalSection
	GlobalSection(ExtensibilityGlobals) = postSolution
		SolutionGuid = {ECB26EDD-EEC6-46F5-9351-73AAC5C1DBAF}
	EndGlobalSection
EndGlobal
